
Microsoft Visual Studio Solution File, Format Version 12.00
# Visual Studio Version 17
VisualStudioVersion = 17.0.31912.275
MinimumVisualStudioVersion = 10.0.40219.1
Project("{FAE04EC0-301F-11D3-BF4B-00C04F79EFBC}") = "WebApplication4", "..\WebApplication4\WebApplication4.csproj", "{AAEDD37C-AF67-4B43-9B51-74C69F28C119}"
EndProject
Global
	GlobalSection(SolutionConfigurationPlatforms) = preSolution
		Debug|Any CPU = Debug|Any CPU
		Release|Any CPU = Release|Any CPU
	EndGlobalSection
	GlobalSection(ProjectConfigurationPlatforms) = postSolution
		{AAEDD37C-AF67-4B43-9B51-74C69F28C119}.Debug|Any CPU.ActiveCfg = Debug|Any CPU
		{AAEDD37C-AF67-4B43-9B51-74C69F28C119}.Debug|Any CPU.Build.0 = Debug|Any CPU
		{AAEDD37C-AF67-4B43-9B51-74C69F28C119}.Release|Any CPU.ActiveCfg = Release|Any CPU
		{AAEDD37C-AF67-4B43-9B51-74C69F28C119}.Release|Any CPU.Build.0 = Release|Any CPU
	EndGlobalSection
	GlobalSection(SolutionProperties) = preSolution
		HideSolutionNode = FALSE
	EndGlobalSection
	GlobalSection(ExtensibilityGlobals) = postSolution
		SolutionGuid = {42D7EF18-9E04-4624-ABDA-FA0614AB4CD2}
	EndGlobalSection
EndGlobal
